
Microsoft Visual Studio Solution File, Format Version 12.00
# Visual Studio Version 17
VisualStudioVersion = 17.9.34728.123
MinimumVisualStudioVersion = 10.0.40219.1
Project("{9A19103F-16F7-4668-BE54-9A1E7A4F7556}") = "WebAppTeam13", "SolutionBackendTeam13\WebAppTeam13.csproj", "{DA4DC8D9-DDE4-4EE0-B7B8-3D62E561BD10}"
EndProject
Project("{FAE04EC0-301F-11D3-BF4B-00C04F79EFBC}") = "ClassLib13", "ClassLib13\ClassLib13.csproj", "{2D26136C-8C48-4925-A0D0-1B4A0E3D25F5}"
EndProject
Global
	GlobalSection(SolutionConfigurationPlatforms) = preSolution
		Debug|Any CPU = Debug|Any CPU
		Release|Any CPU = Release|Any CPU
	EndGlobalSection
	GlobalSection(ProjectConfigurationPlatforms) = postSolution
		{DA4DC8D9-DDE4-4EE0-B7B8-3D62E561BD10}.Debug|Any CPU.ActiveCfg = Debug|Any CPU
		{DA4DC8D9-DDE4-4EE0-B7B8-3D62E561BD10}.Debug|Any CPU.Build.0 = Debug|Any CPU
		{DA4DC8D9-DDE4-4EE0-B7B8-3D62E561BD10}.Release|Any CPU.ActiveCfg = Release|Any CPU
		{DA4DC8D9-DDE4-4EE0-B7B8-3D62E561BD10}.Release|Any CPU.Build.0 = Release|Any CPU
		{2D26136C-8C48-4925-A0D0-1B4A0E3D25F5}.Debug|Any CPU.ActiveCfg = Debug|Any CPU
		{2D26136C-8C48-4925-A0D0-1B4A0E3D25F5}.Debug|Any CPU.Build.0 = Debug|Any CPU
		{2D26136C-8C48-4925-A0D0-1B4A0E3D25F5}.Release|Any CPU.ActiveCfg = Release|Any CPU
		{2D26136C-8C48-4925-A0D0-1B4A0E3D25F5}.Release|Any CPU.Build.0 = Release|Any CPU
	EndGlobalSection
	GlobalSection(SolutionProperties) = preSolution
		HideSolutionNode = FALSE
	EndGlobalSection
	GlobalSection(ExtensibilityGlobals) = postSolution
		SolutionGuid = {711186CA-BCB3-42EA-8B55-E04C9C8CB417}
	EndGlobalSection
EndGlobal
